
Microsoft Visual Studio Solution File, Format Version 12.00
# Visual Studio Version 17
VisualStudioVersion = 17.2.32519.379
MinimumVisualStudioVersion = 10.0.40219.1
Project("{9A19103F-16F7-4668-BE54-9A1E7A4F7556}") = "GenealogyTree", "GenealogyTree\GenealogyTree.csproj", "{18DBFF63-410E-41AA-9545-4D2705A53078}"
EndProject
Project("{9A19103F-16F7-4668-BE54-9A1E7A4F7556}") = "GenealogyTree.Domain", "GenealogyTree.Domain\GenealogyTree.Domain.csproj", "{D7DB93B2-5C97-4EFC-B607-581ABB59672D}"
EndProject
Project("{9A19103F-16F7-4668-BE54-9A1E7A4F7556}") = "GenealogyTree.Infrastructure", "GenealogyTree.Infrastructure\GenealogyTree.Infrastructure.csproj", "{A7BF3D88-3CB0-46DC-A8AB-DB79BA39CEE6}"
EndProject
Project("{FAE04EC0-301F-11D3-BF4B-00C04F79EFBC}") = "GenealogyTree.Tests", "GenealogyTree.Tests\GenealogyTree.Tests.csproj", "{1D0089AA-1D82-4EED-997E-20FEA69DEAAF}"
EndProject
Global
	GlobalSection(SolutionConfigurationPlatforms) = preSolution
		Debug|Any CPU = Debug|Any CPU
		Release|Any CPU = Release|Any CPU
	EndGlobalSection
	GlobalSection(ProjectConfigurationPlatforms) = postSolution
		{18DBFF63-410E-41AA-9545-4D2705A53078}.Debug|Any CPU.ActiveCfg = Debug|Any CPU
		{18DBFF63-410E-41AA-9545-4D2705A53078}.Debug|Any CPU.Build.0 = Debug|Any CPU
		{18DBFF63-410E-41AA-9545-4D2705A53078}.Release|Any CPU.ActiveCfg = Release|Any CPU
		{18DBFF63-410E-41AA-9545-4D2705A53078}.Release|Any CPU.Build.0 = Release|Any CPU
		{D7DB93B2-5C97-4EFC-B607-581ABB59672D}.Debug|Any CPU.ActiveCfg = Debug|Any CPU
		{D7DB93B2-5C97-4EFC-B607-581ABB59672D}.Debug|Any CPU.Build.0 = Debug|Any CPU
		{D7DB93B2-5C97-4EFC-B607-581ABB59672D}.Release|Any CPU.ActiveCfg = Release|Any CPU
		{D7DB93B2-5C97-4EFC-B607-581ABB59672D}.Release|Any CPU.Build.0 = Release|Any CPU
		{A7BF3D88-3CB0-46DC-A8AB-DB79BA39CEE6}.Debug|Any CPU.ActiveCfg = Debug|Any CPU
		{A7BF3D88-3CB0-46DC-A8AB-DB79BA39CEE6}.Debug|Any CPU.Build.0 = Debug|Any CPU
		{A7BF3D88-3CB0-46DC-A8AB-DB79BA39CEE6}.Release|Any CPU.ActiveCfg = Release|Any CPU
		{A7BF3D88-3CB0-46DC-A8AB-DB79BA39CEE6}.Release|Any CPU.Build.0 = Release|Any CPU
		{1D0089AA-1D82-4EED-997E-20FEA69DEAAF}.Debug|Any CPU.ActiveCfg = Debug|Any CPU
		{1D0089AA-1D82-4EED-997E-20FEA69DEAAF}.Debug|Any CPU.Build.0 = Debug|Any CPU
		{1D0089AA-1D82-4EED-997E-20FEA69DEAAF}.Release|Any CPU.ActiveCfg = Release|Any CPU
		{1D0089AA-1D82-4EED-997E-20FEA69DEAAF}.Release|Any CPU.Build.0 = Release|Any CPU
	EndGlobalSection
	GlobalSection(SolutionProperties) = preSolution
		HideSolutionNode = FALSE
	EndGlobalSection
	GlobalSection(ExtensibilityGlobals) = postSolution
		SolutionGuid = {F4D45675-256F-417D-B943-185F2616FB4C}
	EndGlobalSection
EndGlobal
