
Microsoft Visual Studio Solution File, Format Version 12.00
# Visual Studio Version 17
VisualStudioVersion = 17.2.32526.322
MinimumVisualStudioVersion = 10.0.40219.1
Project("{9A19103F-16F7-4668-BE54-9A1E7A4F7556}") = "Assignments06", "Assignments\Assignments06.csproj", "{3B0CAC63-C06D-4C0B-AB90-5020A61A607F}"
EndProject
Project("{2150E333-8FDC-42A3-9474-1A3956D46DE8}") = "tests", "tests", "{D9384B3D-3696-4209-9AD0-42782EB79D96}"
EndProject
Project("{9A19103F-16F7-4668-BE54-9A1E7A4F7556}") = "Assignments06.Tests", "Assignments06.Tests\Assignments06.Tests.csproj", "{BF95B67C-BEBD-469E-83EF-7B7E7DAE9A68}"
EndProject
Project("{9A19103F-16F7-4668-BE54-9A1E7A4F7556}") = "Assignments07", "Assignments07\Assignments07.csproj", "{D9A793FA-A7FF-42AF-ABB4-5AAA82B0F1E3}"
EndProject
Project("{9A19103F-16F7-4668-BE54-9A1E7A4F7556}") = "Assignments07.Tests", "Assignments07.Tests\Assignments07.Tests.csproj", "{702896B4-F51F-42A1-A041-64045FEA976D}"
	ProjectSection(ProjectDependencies) = postProject
		{D9A793FA-A7FF-42AF-ABB4-5AAA82B0F1E3} = {D9A793FA-A7FF-42AF-ABB4-5AAA82B0F1E3}
	EndProjectSection
EndProject
Project("{9A19103F-16F7-4668-BE54-9A1E7A4F7556}") = "Assignments09", "Assignments09\Assignments09.csproj", "{AF2014A0-E1D0-4155-B49A-7E63C717464C}"
EndProject
Project("{9A19103F-16F7-4668-BE54-9A1E7A4F7556}") = "Assignments09.Domain", "Assignments09.Domain\Assignments09.Domain.csproj", "{36299912-9897-476A-AC8E-9134A3A4E606}"
EndProject
Project("{9A19103F-16F7-4668-BE54-9A1E7A4F7556}") = "Assignments09.Tests", "Assignments09.Tests\Assignments09.Tests.csproj", "{EA38665C-70C2-4EA0-AF3E-CAE998BB9797}"
EndProject
Project("{FAE04EC0-301F-11D3-BF4B-00C04F79EFBC}") = "Assignments09_2", "Assignments09_2\Assignments09_2.csproj", "{57911DAA-2F5B-4605-98C3-8F26A0B35274}"
EndProject
Project("{FAE04EC0-301F-11D3-BF4B-00C04F79EFBC}") = "Assignments09_2.Infrastructure", "Assignments09_2.Infrastructure\Assignments09_2.Infrastructure.csproj", "{066808DA-2A7A-446F-B6B2-03AA2056F077}"
EndProject
Project("{FAE04EC0-301F-11D3-BF4B-00C04F79EFBC}") = "Assignments09_2.Domain", "Assignments09_2.Domain\Assignments09_2.Domain.csproj", "{D5168651-36B5-4490-A53C-997B0AC4097B}"
EndProject
Global
	GlobalSection(SolutionConfigurationPlatforms) = preSolution
		Debug|Any CPU = Debug|Any CPU
		Release|Any CPU = Release|Any CPU
	EndGlobalSection
	GlobalSection(ProjectConfigurationPlatforms) = postSolution
		{3B0CAC63-C06D-4C0B-AB90-5020A61A607F}.Debug|Any CPU.ActiveCfg = Debug|Any CPU
		{3B0CAC63-C06D-4C0B-AB90-5020A61A607F}.Debug|Any CPU.Build.0 = Debug|Any CPU
		{3B0CAC63-C06D-4C0B-AB90-5020A61A607F}.Release|Any CPU.ActiveCfg = Release|Any CPU
		{3B0CAC63-C06D-4C0B-AB90-5020A61A607F}.Release|Any CPU.Build.0 = Release|Any CPU
		{BF95B67C-BEBD-469E-83EF-7B7E7DAE9A68}.Debug|Any CPU.ActiveCfg = Debug|Any CPU
		{BF95B67C-BEBD-469E-83EF-7B7E7DAE9A68}.Debug|Any CPU.Build.0 = Debug|Any CPU
		{BF95B67C-BEBD-469E-83EF-7B7E7DAE9A68}.Release|Any CPU.ActiveCfg = Release|Any CPU
		{BF95B67C-BEBD-469E-83EF-7B7E7DAE9A68}.Release|Any CPU.Build.0 = Release|Any CPU
		{D9A793FA-A7FF-42AF-ABB4-5AAA82B0F1E3}.Debug|Any CPU.ActiveCfg = Debug|Any CPU
		{D9A793FA-A7FF-42AF-ABB4-5AAA82B0F1E3}.Debug|Any CPU.Build.0 = Debug|Any CPU
		{D9A793FA-A7FF-42AF-ABB4-5AAA82B0F1E3}.Release|Any CPU.ActiveCfg = Release|Any CPU
		{D9A793FA-A7FF-42AF-ABB4-5AAA82B0F1E3}.Release|Any CPU.Build.0 = Release|Any CPU
		{702896B4-F51F-42A1-A041-64045FEA976D}.Debug|Any CPU.ActiveCfg = Debug|Any CPU
		{702896B4-F51F-42A1-A041-64045FEA976D}.Debug|Any CPU.Build.0 = Debug|Any CPU
		{702896B4-F51F-42A1-A041-64045FEA976D}.Release|Any CPU.ActiveCfg = Release|Any CPU
		{702896B4-F51F-42A1-A041-64045FEA976D}.Release|Any CPU.Build.0 = Release|Any CPU
		{AF2014A0-E1D0-4155-B49A-7E63C717464C}.Debug|Any CPU.ActiveCfg = Debug|Any CPU
		{AF2014A0-E1D0-4155-B49A-7E63C717464C}.Debug|Any CPU.Build.0 = Debug|Any CPU
		{AF2014A0-E1D0-4155-B49A-7E63C717464C}.Release|Any CPU.ActiveCfg = Release|Any CPU
		{AF2014A0-E1D0-4155-B49A-7E63C717464C}.Release|Any CPU.Build.0 = Release|Any CPU
		{36299912-9897-476A-AC8E-9134A3A4E606}.Debug|Any CPU.ActiveCfg = Debug|Any CPU
		{36299912-9897-476A-AC8E-9134A3A4E606}.Debug|Any CPU.Build.0 = Debug|Any CPU
		{36299912-9897-476A-AC8E-9134A3A4E606}.Release|Any CPU.ActiveCfg = Release|Any CPU
		{36299912-9897-476A-AC8E-9134A3A4E606}.Release|Any CPU.Build.0 = Release|Any CPU
		{EA38665C-70C2-4EA0-AF3E-CAE998BB9797}.Debug|Any CPU.ActiveCfg = Debug|Any CPU
		{EA38665C-70C2-4EA0-AF3E-CAE998BB9797}.Debug|Any CPU.Build.0 = Debug|Any CPU
		{EA38665C-70C2-4EA0-AF3E-CAE998BB9797}.Release|Any CPU.ActiveCfg = Release|Any CPU
		{EA38665C-70C2-4EA0-AF3E-CAE998BB9797}.Release|Any CPU.Build.0 = Release|Any CPU
		{57911DAA-2F5B-4605-98C3-8F26A0B35274}.Debug|Any CPU.ActiveCfg = Debug|Any CPU
		{57911DAA-2F5B-4605-98C3-8F26A0B35274}.Debug|Any CPU.Build.0 = Debug|Any CPU
		{57911DAA-2F5B-4605-98C3-8F26A0B35274}.Release|Any CPU.ActiveCfg = Release|Any CPU
		{57911DAA-2F5B-4605-98C3-8F26A0B35274}.Release|Any CPU.Build.0 = Release|Any CPU
		{066808DA-2A7A-446F-B6B2-03AA2056F077}.Debug|Any CPU.ActiveCfg = Debug|Any CPU
		{066808DA-2A7A-446F-B6B2-03AA2056F077}.Debug|Any CPU.Build.0 = Debug|Any CPU
		{066808DA-2A7A-446F-B6B2-03AA2056F077}.Release|Any CPU.ActiveCfg = Release|Any CPU
		{066808DA-2A7A-446F-B6B2-03AA2056F077}.Release|Any CPU.Build.0 = Release|Any CPU
		{D5168651-36B5-4490-A53C-997B0AC4097B}.Debug|Any CPU.ActiveCfg = Debug|Any CPU
		{D5168651-36B5-4490-A53C-997B0AC4097B}.Debug|Any CPU.Build.0 = Debug|Any CPU
		{D5168651-36B5-4490-A53C-997B0AC4097B}.Release|Any CPU.ActiveCfg = Release|Any CPU
		{D5168651-36B5-4490-A53C-997B0AC4097B}.Release|Any CPU.Build.0 = Release|Any CPU
	EndGlobalSection
	GlobalSection(SolutionProperties) = preSolution
		HideSolutionNode = FALSE
	EndGlobalSection
	GlobalSection(NestedProjects) = preSolution
		{BF95B67C-BEBD-469E-83EF-7B7E7DAE9A68} = {D9384B3D-3696-4209-9AD0-42782EB79D96}
		{702896B4-F51F-42A1-A041-64045FEA976D} = {D9384B3D-3696-4209-9AD0-42782EB79D96}
		{EA38665C-70C2-4EA0-AF3E-CAE998BB9797} = {D9384B3D-3696-4209-9AD0-42782EB79D96}
	EndGlobalSection
	GlobalSection(ExtensibilityGlobals) = postSolution
		SolutionGuid = {5E753696-457C-456C-ACAE-C8857D370907}
	EndGlobalSection
EndGlobal
